
Microsoft Visual Studio Solution File, Format Version 12.00
# Visual Studio Version 17
VisualStudioVersion = 17.1.32113.165
MinimumVisualStudioVersion = 10.0.40219.1
Project("{9A19103F-16F7-4668-BE54-9A1E7A4F7556}") = "AmbiWrite", "AmbiWrite\AmbiWrite.csproj", "{DDA48755-6019-4557-B5D2-4AD866DE47C1}"
EndProject
Project("{9A19103F-16F7-4668-BE54-9A1E7A4F7556}") = "ScreenGrabber.OpenTK", "ScreenGrabber.OpenTK\ScreenGrabber.OpenTK.csproj", "{010164D3-8A19-4405-A929-8ABCD237C7CB}"
EndProject
Project("{9A19103F-16F7-4668-BE54-9A1E7A4F7556}") = "ScreenGrabberDX", "ScreenGrabberDX\ScreenGrabberDX.csproj", "{97493BEE-6F3F-4B51-99EB-9FDEFDDEF4AB}"
EndProject
Project("{9A19103F-16F7-4668-BE54-9A1E7A4F7556}") = "ScreenGrabber.Silk", "ScreenGrabber.Silk\ScreenGrabber.Silk.csproj", "{4D90450C-A732-45B3-BFBB-8C38D4396E78}"
EndProject
Project("{9A19103F-16F7-4668-BE54-9A1E7A4F7556}") = "ScreenGrabber.ILGPU", "ScreenGrabber.ILGPU\ScreenGrabber.ILGPU.csproj", "{A2F607C0-1565-48E8-9340-8C866018D4E1}"
EndProject
Global
	GlobalSection(SolutionConfigurationPlatforms) = preSolution
		Debug|Any CPU = Debug|Any CPU
		Release|Any CPU = Release|Any CPU
	EndGlobalSection
	GlobalSection(ProjectConfigurationPlatforms) = postSolution
		{DDA48755-6019-4557-B5D2-4AD866DE47C1}.Debug|Any CPU.ActiveCfg = Debug|Any CPU
		{DDA48755-6019-4557-B5D2-4AD866DE47C1}.Debug|Any CPU.Build.0 = Debug|Any CPU
		{DDA48755-6019-4557-B5D2-4AD866DE47C1}.Release|Any CPU.ActiveCfg = Release|Any CPU
		{DDA48755-6019-4557-B5D2-4AD866DE47C1}.Release|Any CPU.Build.0 = Release|Any CPU
		{010164D3-8A19-4405-A929-8ABCD237C7CB}.Debug|Any CPU.ActiveCfg = Debug|Any CPU
		{010164D3-8A19-4405-A929-8ABCD237C7CB}.Debug|Any CPU.Build.0 = Debug|Any CPU
		{010164D3-8A19-4405-A929-8ABCD237C7CB}.Release|Any CPU.ActiveCfg = Release|Any CPU
		{010164D3-8A19-4405-A929-8ABCD237C7CB}.Release|Any CPU.Build.0 = Release|Any CPU
		{97493BEE-6F3F-4B51-99EB-9FDEFDDEF4AB}.Debug|Any CPU.ActiveCfg = Debug|Any CPU
		{97493BEE-6F3F-4B51-99EB-9FDEFDDEF4AB}.Debug|Any CPU.Build.0 = Debug|Any CPU
		{97493BEE-6F3F-4B51-99EB-9FDEFDDEF4AB}.Release|Any CPU.ActiveCfg = Release|Any CPU
		{97493BEE-6F3F-4B51-99EB-9FDEFDDEF4AB}.Release|Any CPU.Build.0 = Release|Any CPU
		{4D90450C-A732-45B3-BFBB-8C38D4396E78}.Debug|Any CPU.ActiveCfg = Debug|Any CPU
		{4D90450C-A732-45B3-BFBB-8C38D4396E78}.Debug|Any CPU.Build.0 = Debug|Any CPU
		{4D90450C-A732-45B3-BFBB-8C38D4396E78}.Release|Any CPU.ActiveCfg = Release|Any CPU
		{4D90450C-A732-45B3-BFBB-8C38D4396E78}.Release|Any CPU.Build.0 = Release|Any CPU
		{A2F607C0-1565-48E8-9340-8C866018D4E1}.Debug|Any CPU.ActiveCfg = Debug|Any CPU
		{A2F607C0-1565-48E8-9340-8C866018D4E1}.Debug|Any CPU.Build.0 = Debug|Any CPU
		{A2F607C0-1565-48E8-9340-8C866018D4E1}.Release|Any CPU.ActiveCfg = Release|Any CPU
		{A2F607C0-1565-48E8-9340-8C866018D4E1}.Release|Any CPU.Build.0 = Release|Any CPU
	EndGlobalSection
	GlobalSection(SolutionProperties) = preSolution
		HideSolutionNode = FALSE
	EndGlobalSection
	GlobalSection(ExtensibilityGlobals) = postSolution
		SolutionGuid = {F11E3CE9-2322-4062-B363-9E0091882142}
	EndGlobalSection
EndGlobal
